
Microsoft Visual Studio Solution File, Format Version 12.00
# Visual Studio 15
VisualStudioVersion = 15.0.27703.2042
MinimumVisualStudioVersion = 10.0.40219.1
Project("{9A19103F-16F7-4668-BE54-9A1E7A4F7556}") = "ToDoNotes", "ToDoNotes\ToDoNotes.csproj", "{EAE51B14-32F7-4114-9F81-F6606560874C}"
EndProject
Global
	GlobalSection(SolutionConfigurationPlatforms) = preSolution
		Debug|Any CPU = Debug|Any CPU
		Release|Any CPU = Release|Any CPU
	EndGlobalSection
	GlobalSection(ProjectConfigurationPlatforms) = postSolution
		{EAE51B14-32F7-4114-9F81-F6606560874C}.Debug|Any CPU.ActiveCfg = Debug|Any CPU
		{EAE51B14-32F7-4114-9F81-F6606560874C}.Debug|Any CPU.Build.0 = Debug|Any CPU
		{EAE51B14-32F7-4114-9F81-F6606560874C}.Release|Any CPU.ActiveCfg = Release|Any CPU
		{EAE51B14-32F7-4114-9F81-F6606560874C}.Release|Any CPU.Build.0 = Release|Any CPU
	EndGlobalSection
	GlobalSection(SolutionProperties) = preSolution
		HideSolutionNode = FALSE
	EndGlobalSection
	GlobalSection(ExtensibilityGlobals) = postSolution
		SolutionGuid = {3B177153-E97D-4180-8585-E1C763EB83D8}
	EndGlobalSection
EndGlobal
